
Microsoft Visual Studio Solution File, Format Version 12.00
# Visual Studio Version 17
VisualStudioVersion = 17.1.32328.378
MinimumVisualStudioVersion = 10.0.40219.1
Project("{9A19103F-16F7-4668-BE54-9A1E7A4F7556}") = "PM", "PM\PM.csproj", "{3D4DDF70-D4D9-49DE-9BEB-EE71115FEEA2}"
EndProject
Project("{9A19103F-16F7-4668-BE54-9A1E7A4F7556}") = "cli", "..\..\Utils\CLI\CommandLineParser\cli\cli\cli.csproj", "{9FBAEEDB-3671-4F28-966E-8768876C44CD}"
EndProject
Project("{FAE04EC0-301F-11D3-BF4B-00C04F79EFBC}") = "PackageManagerServer", "PackageManagerServer\PackageManagerServer.csproj", "{98F95FF6-7691-4530-A198-43F9DCC66380}"
EndProject
Global
	GlobalSection(SolutionConfigurationPlatforms) = preSolution
		Debug|Any CPU = Debug|Any CPU
		Release|Any CPU = Release|Any CPU
	EndGlobalSection
	GlobalSection(ProjectConfigurationPlatforms) = postSolution
		{3D4DDF70-D4D9-49DE-9BEB-EE71115FEEA2}.Debug|Any CPU.ActiveCfg = Debug|Any CPU
		{3D4DDF70-D4D9-49DE-9BEB-EE71115FEEA2}.Debug|Any CPU.Build.0 = Debug|Any CPU
		{3D4DDF70-D4D9-49DE-9BEB-EE71115FEEA2}.Release|Any CPU.ActiveCfg = Release|Any CPU
		{3D4DDF70-D4D9-49DE-9BEB-EE71115FEEA2}.Release|Any CPU.Build.0 = Release|Any CPU
		{9FBAEEDB-3671-4F28-966E-8768876C44CD}.Debug|Any CPU.ActiveCfg = Debug|Any CPU
		{9FBAEEDB-3671-4F28-966E-8768876C44CD}.Debug|Any CPU.Build.0 = Debug|Any CPU
		{9FBAEEDB-3671-4F28-966E-8768876C44CD}.Release|Any CPU.ActiveCfg = Release|Any CPU
		{9FBAEEDB-3671-4F28-966E-8768876C44CD}.Release|Any CPU.Build.0 = Release|Any CPU
		{98F95FF6-7691-4530-A198-43F9DCC66380}.Debug|Any CPU.ActiveCfg = Debug|Any CPU
		{98F95FF6-7691-4530-A198-43F9DCC66380}.Debug|Any CPU.Build.0 = Debug|Any CPU
		{98F95FF6-7691-4530-A198-43F9DCC66380}.Release|Any CPU.ActiveCfg = Release|Any CPU
		{98F95FF6-7691-4530-A198-43F9DCC66380}.Release|Any CPU.Build.0 = Release|Any CPU
	EndGlobalSection
	GlobalSection(SolutionProperties) = preSolution
		HideSolutionNode = FALSE
	EndGlobalSection
	GlobalSection(ExtensibilityGlobals) = postSolution
		SolutionGuid = {F20852FA-C1AC-4E2C-B2D0-EC8B12F33CFE}
	EndGlobalSection
EndGlobal
